
Microsoft Visual Studio Solution File, Format Version 12.00
# Visual Studio Version 17
VisualStudioVersion = 17.4.33403.182
MinimumVisualStudioVersion = 10.0.40219.1
Project("{FAE04EC0-301F-11D3-BF4B-00C04F79EFBC}") = "praktik5.3_sitiafriani-xpplg1", "praktik5.3_sitiafriani-xpplg1\praktik5.3_sitiafriani-xpplg1.csproj", "{A086CEED-2720-420C-947D-8C0282908655}"
EndProject
Global
	GlobalSection(SolutionConfigurationPlatforms) = preSolution
		Debug|Any CPU = Debug|Any CPU
		Release|Any CPU = Release|Any CPU
	EndGlobalSection
	GlobalSection(ProjectConfigurationPlatforms) = postSolution
		{A086CEED-2720-420C-947D-8C0282908655}.Debug|Any CPU.ActiveCfg = Debug|Any CPU
		{A086CEED-2720-420C-947D-8C0282908655}.Debug|Any CPU.Build.0 = Debug|Any CPU
		{A086CEED-2720-420C-947D-8C0282908655}.Release|Any CPU.ActiveCfg = Release|Any CPU
		{A086CEED-2720-420C-947D-8C0282908655}.Release|Any CPU.Build.0 = Release|Any CPU
	EndGlobalSection
	GlobalSection(SolutionProperties) = preSolution
		HideSolutionNode = FALSE
	EndGlobalSection
	GlobalSection(ExtensibilityGlobals) = postSolution
		SolutionGuid = {1327E23F-3A34-4E88-8616-D574B9F3E868}
	EndGlobalSection
EndGlobal
