
Microsoft Visual Studio Solution File, Format Version 12.00
# Visual Studio Version 17
VisualStudioVersion = 17.4.33403.182
MinimumVisualStudioVersion = 10.0.40219.1
Project("{FAE04EC0-301F-11D3-BF4B-00C04F79EFBC}") = "praktik7.1_fungsi_sitiafriani_xpplg1", "praktik7.1_fungsi_sitiafriani_xpplg1\praktik7.1_fungsi_sitiafriani_xpplg1.csproj", "{446E1130-3535-42B7-99CF-BFB68E769855}"
EndProject
Global
	GlobalSection(SolutionConfigurationPlatforms) = preSolution
		Debug|Any CPU = Debug|Any CPU
		Release|Any CPU = Release|Any CPU
	EndGlobalSection
	GlobalSection(ProjectConfigurationPlatforms) = postSolution
		{446E1130-3535-42B7-99CF-BFB68E769855}.Debug|Any CPU.ActiveCfg = Debug|Any CPU
		{446E1130-3535-42B7-99CF-BFB68E769855}.Debug|Any CPU.Build.0 = Debug|Any CPU
		{446E1130-3535-42B7-99CF-BFB68E769855}.Release|Any CPU.ActiveCfg = Release|Any CPU
		{446E1130-3535-42B7-99CF-BFB68E769855}.Release|Any CPU.Build.0 = Release|Any CPU
	EndGlobalSection
	GlobalSection(SolutionProperties) = preSolution
		HideSolutionNode = FALSE
	EndGlobalSection
	GlobalSection(ExtensibilityGlobals) = postSolution
		SolutionGuid = {4472037A-7BEC-4F47-92EE-DF5E63EABFA0}
	EndGlobalSection
EndGlobal
