
Microsoft Visual Studio Solution File, Format Version 12.00
# Visual Studio Version 17
VisualStudioVersion = 17.4.33403.182
MinimumVisualStudioVersion = 10.0.40219.1
Project("{FAE04EC0-301F-11D3-BF4B-00C04F79EFBC}") = "praktik5.2_sitiafriani-xpplg1", "praktik5.2_sitiafriani-xpplg1\praktik5.2_sitiafriani-xpplg1.csproj", "{B37025E6-7AFB-4B3D-A3AE-5C7267B56BEC}"
EndProject
Global
	GlobalSection(SolutionConfigurationPlatforms) = preSolution
		Debug|Any CPU = Debug|Any CPU
		Release|Any CPU = Release|Any CPU
	EndGlobalSection
	GlobalSection(ProjectConfigurationPlatforms) = postSolution
		{B37025E6-7AFB-4B3D-A3AE-5C7267B56BEC}.Debug|Any CPU.ActiveCfg = Debug|Any CPU
		{B37025E6-7AFB-4B3D-A3AE-5C7267B56BEC}.Debug|Any CPU.Build.0 = Debug|Any CPU
		{B37025E6-7AFB-4B3D-A3AE-5C7267B56BEC}.Release|Any CPU.ActiveCfg = Release|Any CPU
		{B37025E6-7AFB-4B3D-A3AE-5C7267B56BEC}.Release|Any CPU.Build.0 = Release|Any CPU
	EndGlobalSection
	GlobalSection(SolutionProperties) = preSolution
		HideSolutionNode = FALSE
	EndGlobalSection
	GlobalSection(ExtensibilityGlobals) = postSolution
		SolutionGuid = {73AFF5E4-98DC-4975-81A4-F1E488D166AE}
	EndGlobalSection
EndGlobal
