
Microsoft Visual Studio Solution File, Format Version 12.00
# Visual Studio Version 17
VisualStudioVersion = 17.4.33403.182
MinimumVisualStudioVersion = 10.0.40219.1
Project("{FAE04EC0-301F-11D3-BF4B-00C04F79EFBC}") = "kalkulator_sitiafriani_xpplg1", "kalkulator_sitiafriani_xpplg1\kalkulator_sitiafriani_xpplg1.csproj", "{F8ACDEEA-0CA4-4BB1-94A4-6F7EFD32E230}"
EndProject
Global
	GlobalSection(SolutionConfigurationPlatforms) = preSolution
		Debug|Any CPU = Debug|Any CPU
		Release|Any CPU = Release|Any CPU
	EndGlobalSection
	GlobalSection(ProjectConfigurationPlatforms) = postSolution
		{F8ACDEEA-0CA4-4BB1-94A4-6F7EFD32E230}.Debug|Any CPU.ActiveCfg = Debug|Any CPU
		{F8ACDEEA-0CA4-4BB1-94A4-6F7EFD32E230}.Debug|Any CPU.Build.0 = Debug|Any CPU
		{F8ACDEEA-0CA4-4BB1-94A4-6F7EFD32E230}.Release|Any CPU.ActiveCfg = Release|Any CPU
		{F8ACDEEA-0CA4-4BB1-94A4-6F7EFD32E230}.Release|Any CPU.Build.0 = Release|Any CPU
	EndGlobalSection
	GlobalSection(SolutionProperties) = preSolution
		HideSolutionNode = FALSE
	EndGlobalSection
	GlobalSection(ExtensibilityGlobals) = postSolution
		SolutionGuid = {BFE2D567-16EE-43F4-B40E-11C910A6530A}
	EndGlobalSection
EndGlobal
